
Microsoft Visual Studio Solution File, Format Version 12.00
# Visual Studio 15
VisualStudioVersion = 15.0.28010.2050
MinimumVisualStudioVersion = 10.0.40219.1
Project("{FAE04EC0-301F-11D3-BF4B-00C04F79EFBC}") = "testmastergroup", "testmastergroup\testmastergroup.csproj", "{DFF27958-7A2A-44B4-89D1-600A2FBC143B}"
EndProject
Global
	GlobalSection(SolutionConfigurationPlatforms) = preSolution
		Debug|Any CPU = Debug|Any CPU
		Release|Any CPU = Release|Any CPU
	EndGlobalSection
	GlobalSection(ProjectConfigurationPlatforms) = postSolution
		{DFF27958-7A2A-44B4-89D1-600A2FBC143B}.Debug|Any CPU.ActiveCfg = Debug|Any CPU
		{DFF27958-7A2A-44B4-89D1-600A2FBC143B}.Debug|Any CPU.Build.0 = Debug|Any CPU
		{DFF27958-7A2A-44B4-89D1-600A2FBC143B}.Release|Any CPU.ActiveCfg = Release|Any CPU
		{DFF27958-7A2A-44B4-89D1-600A2FBC143B}.Release|Any CPU.Build.0 = Release|Any CPU
	EndGlobalSection
	GlobalSection(SolutionProperties) = preSolution
		HideSolutionNode = FALSE
	EndGlobalSection
	GlobalSection(ExtensibilityGlobals) = postSolution
		SolutionGuid = {42C081BF-7E85-41BB-95EC-3CA88CC6929F}
	EndGlobalSection
EndGlobal
